
Microsoft Visual Studio Solution File, Format Version 12.00
# Visual Studio Version 17
VisualStudioVersion = 17.4.33122.133
MinimumVisualStudioVersion = 10.0.40219.1
Project("{9A19103F-16F7-4668-BE54-9A1E7A4F7556}") = "BlazorApp3", "BlazorApp3\BlazorApp3.csproj", "{91EC5D3A-B463-4ADF-AEB9-FB4D04306D2C}"
EndProject
Global
	GlobalSection(SolutionConfigurationPlatforms) = preSolution
		Debug|Any CPU = Debug|Any CPU
		Release|Any CPU = Release|Any CPU
	EndGlobalSection
	GlobalSection(ProjectConfigurationPlatforms) = postSolution
		{91EC5D3A-B463-4ADF-AEB9-FB4D04306D2C}.Debug|Any CPU.ActiveCfg = Debug|Any CPU
		{91EC5D3A-B463-4ADF-AEB9-FB4D04306D2C}.Debug|Any CPU.Build.0 = Debug|Any CPU
		{91EC5D3A-B463-4ADF-AEB9-FB4D04306D2C}.Release|Any CPU.ActiveCfg = Release|Any CPU
		{91EC5D3A-B463-4ADF-AEB9-FB4D04306D2C}.Release|Any CPU.Build.0 = Release|Any CPU
	EndGlobalSection
	GlobalSection(SolutionProperties) = preSolution
		HideSolutionNode = FALSE
	EndGlobalSection
	GlobalSection(ExtensibilityGlobals) = postSolution
		SolutionGuid = {D131187C-F427-4650-BC13-6BA2B28992AE}
	EndGlobalSection
EndGlobal
